schema: '2.0'
stages:
  curate:
    cmd: python -m foehncast.dvc_stages curate --dataset train
    deps:
    - path: config.yaml
      hash: md5
      md5: 27a8482104185c2d06cdbed91111ec73
      size: 6659
    - path: src/foehncast/dvc_stages.py
      hash: md5
      md5: 7594c59bbf6fd85fa7582ec8b25e9eff
      size: 6111
    - path: src/foehncast/feature_pipeline/engineer.py
      hash: md5
      md5: bf1e4b011e96f5885494192d2aa0f13b
      size: 6304
    - path: src/foehncast/feature_pipeline/ingest.py
      hash: md5
      md5: b556e05c16798e8b953917557fc7e87b
      size: 7126
    - path: src/foehncast/feature_pipeline/store.py
      hash: md5
      md5: eb9742324e9f009d8153f1fd2a690f3d
      size: 10720
    - path: src/foehncast/feature_pipeline/validate.py
      hash: md5
      md5: dee15887040f2c5f34d716c411467076
      size: 3747
    params:
      config.yaml:
        model.features:
        - wind_speed_10m
        - wind_speed_80m
        - wind_gusts_10m
        - temperature_2m
        - relative_humidity_2m
        - hour_of_day_sin
        - hour_of_day_cos
        - day_of_year_sin
        - day_of_year_cos
        - wind_direction_10m_sin
        - wind_direction_10m_cos
        - wind_steadiness
        - gust_excess_10m
        - shore_alignment
        spots:
        - id: silvaplana
          name: Silvaplana
          lat: 46.45
          lon: 9.79
          altitude_m: 1800
          shore_orientation_deg: 225
          difficulty: intermediate
          water_type: lake
          canton: GR
        - id: urnersee
          name: Urnersee
          lat: 46.93
          lon: 8.6
          altitude_m: 434
          shore_orientation_deg: 180
          difficulty: intermediate
          water_type: lake
          canton: UR
        - id: neuchatel
          name: Lac de Neuchatel
          lat: 46.85
          lon: 6.85
          altitude_m: 429
          shore_orientation_deg: 270
          difficulty: beginner
          water_type: lake
          canton: NE
        - id: bodensee
          name: Bodensee
          lat: 47.63
          lon: 9.37
          altitude_m: 395
          shore_orientation_deg: 180
          difficulty: beginner
          water_type: lake
          canton: TG
        - id: walensee
          name: Walensee
          lat: 47.12
          lon: 9.22
          altitude_m: 419
          shore_orientation_deg: 270
          difficulty: intermediate
          water_type: lake
          canton: SG
        - id: thunersee
          name: Thunersee
          lat: 46.72
          lon: 7.72
          altitude_m: 558
          shore_orientation_deg: 270
          difficulty: advanced
          water_type: lake
          canton: BE
    outs:
    - path: data/train
      hash: md5
      md5: 32a3c43db1a8882c1c36fae92b7d60cf.dir
      size: 199157
      nfiles: 6
  train:
    cmd: PYTHONHASHSEED=0 python -m foehncast.dvc_stages train --dataset train
    deps:
    - path: config.yaml
      hash: md5
      md5: 27a8482104185c2d06cdbed91111ec73
      size: 6659
    - path: data/train
      hash: md5
      md5: 32a3c43db1a8882c1c36fae92b7d60cf.dir
      size: 199157
      nfiles: 6
    - path: src/foehncast/dvc_stages.py
      hash: md5
      md5: 7594c59bbf6fd85fa7582ec8b25e9eff
      size: 6111
    - path: src/foehncast/training_pipeline/evaluate.py
      hash: md5
      md5: a38b1f065bad72e819e1a3940d660be6
      size: 3194
    - path: src/foehncast/training_pipeline/label.py
      hash: md5
      md5: d9a9669bdd65c635185252ee83a89972
      size: 3423
    - path: src/foehncast/training_pipeline/train.py
      hash: md5
      md5: 5288efa53b4daf3000d050dd07e8b4c5
      size: 6234
    params:
      config.yaml:
        model:
          algorithm: random_forest
          target: quality_index
          raw_features:
          - wind_speed_10m
          - wind_speed_80m
          - wind_speed_120m
          - wind_direction_10m
          - wind_direction_80m
          - wind_gusts_10m
          - temperature_2m
          - precipitation
          - relative_humidity_2m
          - cloud_cover
          - pressure_msl
          - cape
          - lifted_index
          engineered_features:
          - hour_of_day_sin
          - hour_of_day_cos
          - day_of_year_sin
          - day_of_year_cos
          - wind_direction_10m_sin
          - wind_direction_10m_cos
          - wind_steadiness
          - gust_excess_10m
          - gust_factor
          - shore_alignment
          features:
          - wind_speed_10m
          - wind_speed_80m
          - wind_gusts_10m
          - temperature_2m
          - relative_humidity_2m
          - hour_of_day_sin
          - hour_of_day_cos
          - day_of_year_sin
          - day_of_year_cos
          - wind_direction_10m_sin
          - wind_direction_10m_cos
          - wind_steadiness
          - gust_excess_10m
          - shore_alignment
          test_size: 0.2
          random_state: 42
        rider:
          weight_kg: 80
          home_lat: 47.02
          home_lon: 8.65
          home_location: Schwyz
          quiver_m2:
          - 5
          - 7
          - 8
          - 10
          - 12
    outs:
    - path: reports/feature_importance.png
      hash: md5
      md5: 0696e1bdd220db43737ee9736faf86f8
      size: 34508
    - path: reports/train_metrics.json
      hash: md5
      md5: 2b52b9c466bda54c2edbab3d6ecc77ba
      size: 328
